
Microsoft Visual Studio Solution File, Format Version 12.00
# Visual Studio 15
VisualStudioVersion = 15.0.27703.2047
MinimumVisualStudioVersion = 10.0.40219.1
Project("{FAE04EC0-301F-11D3-BF4B-00C04F79EFBC}") = "Task", "Task\Task.csproj", "{0AD6D95B-7F87-4772-AFB0-5DBDC100D601}"
EndProject
Global
	GlobalSection(SolutionConfigurationPlatforms) = preSolution
		Debug|Any CPU = Debug|Any CPU
		Release|Any CPU = Release|Any CPU
	EndGlobalSection
	GlobalSection(ProjectConfigurationPlatforms) = postSolution
		{0AD6D95B-7F87-4772-AFB0-5DBDC100D601}.Debug|Any CPU.ActiveCfg = Debug|Any CPU
		{0AD6D95B-7F87-4772-AFB0-5DBDC100D601}.Debug|Any CPU.Build.0 = Debug|Any CPU
		{0AD6D95B-7F87-4772-AFB0-5DBDC100D601}.Release|Any CPU.ActiveCfg = Release|Any CPU
		{0AD6D95B-7F87-4772-AFB0-5DBDC100D601}.Release|Any CPU.Build.0 = Release|Any CPU
	EndGlobalSection
	GlobalSection(SolutionProperties) = preSolution
		HideSolutionNode = FALSE
	EndGlobalSection
	GlobalSection(ExtensibilityGlobals) = postSolution
		SolutionGuid = {27E9BAF6-3760-4E7E-9C79-BB36D81D20E1}
	EndGlobalSection
EndGlobal
